Microsoft Visual Studio Solution File, Format Version 12.00
# Visual Studio Version 16
VisualStudioVersion = 16.0.29920.165
MinimumVisualStudioVersion = 15.0.26124.0

Project("{D954291E-2A0B-460D-934E-DC6B0785DB48}") = "taskium.Shared", "taskium.Shared\taskium.Shared.shproj", "{6279C845-92F8-4333-AB99-3D213163593C}"
EndProject


Project("{9A19103F-16F7-4668-BE54-9A1E7A4F7556}") = "taskium.Wasm", "taskium.Wasm\taskium.Wasm.csproj", "{40EA03F7-8A22-4143-B251-79BAC3EB13D2}"
EndProject





Global
	GlobalSection(SharedMSBuildProjectFiles) = preSolution
		taskium.Shared\taskium.Shared.projitems*{1aa13270-f438-4864-9435-54fd806e10ea}*SharedItemsImports = 5
		taskium.Shared\taskium.Shared.projitems*{26F4F563-DFD5-41D6-BA00-6FEE594AE1A6}*SharedItemsImports = 4
		taskium.Shared\taskium.Shared.projitems*{40ea03f7-8a22-4143-b251-79bac3eb13d2}*SharedItemsImports = 5
		taskium.Shared\taskium.Shared.projitems*{AEED20CA-7FE2-4134-B750-350890EB2EEE}*SharedItemsImports = 5
		taskium.Shared\taskium.Shared.projitems*{6279c845-92f8-4333-ab99-3d213163593c}*SharedItemsImports = 13
		taskium.Shared\taskium.Shared.projitems*{0913CEF2-3904-4E51-93C2-52260A868811}*SharedItemsImports = 4
		taskium.Shared\taskium.Shared.projitems*{CC6B9862-72AB-4C2D-B5B6-B367D9B245E6}*SharedItemsImports = 4
		taskium.Shared\taskium.Shared.projitems*{a5b8155a-118f-4794-b551-c6f3cf7e5411}*SharedItemsImports = 5
		taskium.Shared\taskium.Shared.projitems*{83197BE0-076C-4277-868C-18C6ABCFC05B}*SharedItemsImports = 4
	EndGlobalSection
	GlobalSection(SolutionConfigurationPlatforms) = preSolution
		Debug|Any CPU = Debug|Any CPU
		Debug|ARM = Debug|ARM
		Debug|ARM64 = Debug|ARM64
		Debug|iPhone = Debug|iPhone
		Debug|iPhoneSimulator = Debug|iPhoneSimulator
		Debug|x64 = Debug|x64
		Debug|x86 = Debug|x86
		Release|Any CPU = Release|Any CPU
		Release|ARM = Release|ARM
		Release|ARM64 = Release|ARM64
		Release|iPhone = Release|iPhone
		Release|iPhoneSimulator = Release|iPhoneSimulator
		Release|x64 = Release|x64
		Release|x86 = Release|x86
	EndGlobalSection
	GlobalSection(ProjectConfigurationPlatforms) = postSolution
		{83197BE0-076C-4277-868C-18C6ABCFC05B}.Debug|Any CPU.ActiveCfg = Debug|Any CPU
		{83197BE0-076C-4277-868C-18C6ABCFC05B}.Debug|Any CPU.Build.0 = Debug|Any CPU
		{83197BE0-076C-4277-868C-18C6ABCFC05B}.Debug|Any CPU.Deploy.0 = Debug|Any CPU
		{83197BE0-076C-4277-868C-18C6ABCFC05B}.Debug|ARM.ActiveCfg = Debug|Any CPU
		{83197BE0-076C-4277-868C-18C6ABCFC05B}.Debug|ARM.Build.0 = Debug|Any CPU
		{83197BE0-076C-4277-868C-18C6ABCFC05B}.Debug|ARM.Deploy.0 = Debug|Any CPU
		{83197BE0-076C-4277-868C-18C6ABCFC05B}.Debug|ARM64.ActiveCfg = Debug|Any CPU
		{83197BE0-076C-4277-868C-18C6ABCFC05B}.Debug|ARM64.Build.0 = Debug|Any CPU
		{83197BE0-076C-4277-868C-18C6ABCFC05B}.Debug|ARM64.Deploy.0 = Debug|Any CPU
		{83197BE0-076C-4277-868C-18C6ABCFC05B}.Debug|iPhone.ActiveCfg = Debug|Any CPU
		{83197BE0-076C-4277-868C-18C6ABCFC05B}.Debug|iPhone.Build.0 = Debug|Any CPU
		{83197BE0-076C-4277-868C-18C6ABCFC05B}.Debug|iPhone.Deploy.0 = Debug|Any CPU
		{83197BE0-076C-4277-868C-18C6ABCFC05B}.Debug|iPhoneSimulator.ActiveCfg = Debug|Any CPU
		{83197BE0-076C-4277-868C-18C6ABCFC05B}.Debug|iPhoneSimulator.Build.0 = Debug|Any CPU
		{83197BE0-076C-4277-868C-18C6ABCFC05B}.Debug|iPhoneSimulator.Deploy.0 = Debug|Any CPU
		{83197BE0-076C-4277-868C-18C6ABCFC05B}.Debug|x64.ActiveCfg = Debug|Any CPU
		{83197BE0-076C-4277-868C-18C6ABCFC05B}.Debug|x64.Build.0 = Debug|Any CPU
		{83197BE0-076C-4277-868C-18C6ABCFC05B}.Debug|x64.Deploy.0 = Debug|Any CPU
		{83197BE0-076C-4277-868C-18C6ABCFC05B}.Debug|x86.ActiveCfg = Debug|Any CPU
		{83197BE0-076C-4277-868C-18C6ABCFC05B}.Debug|x86.Build.0 = Debug|Any CPU
		{83197BE0-076C-4277-868C-18C6ABCFC05B}.Debug|x86.Deploy.0 = Debug|Any CPU

		{83197BE0-076C-4277-868C-18C6ABCFC05B}.Release|Any CPU.ActiveCfg = Release|Any CPU
		{83197BE0-076C-4277-868C-18C6ABCFC05B}.Release|Any CPU.Build.0 = Release|Any CPU
		{83197BE0-076C-4277-868C-18C6ABCFC05B}.Release|Any CPU.Deploy.0 = Release|Any CPU
		{83197BE0-076C-4277-868C-18C6ABCFC05B}.Release|ARM.ActiveCfg = Release|Any CPU
		{83197BE0-076C-4277-868C-18C6ABCFC05B}.Release|ARM.Build.0 = Release|Any CPU
		{83197BE0-076C-4277-868C-18C6ABCFC05B}.Release|ARM.Deploy.0 = Release|Any CPU
		{83197BE0-076C-4277-868C-18C6ABCFC05B}.Release|ARM64.ActiveCfg = Release|Any CPU
		{83197BE0-076C-4277-868C-18C6ABCFC05B}.Release|ARM64.Build.0 = Release|Any CPU
		{83197BE0-076C-4277-868C-18C6ABCFC05B}.Release|ARM64.Deploy.0 = Release|Any CPU
		{83197BE0-076C-4277-868C-18C6ABCFC05B}.Release|iPhone.ActiveCfg = Release|Any CPU
		{83197BE0-076C-4277-868C-18C6ABCFC05B}.Release|iPhone.Build.0 = Release|Any CPU
		{83197BE0-076C-4277-868C-18C6ABCFC05B}.Release|iPhone.Deploy.0 = Release|Any CPU
		{83197BE0-076C-4277-868C-18C6ABCFC05B}.Release|iPhoneSimulator.ActiveCfg = Release|Any CPU
		{83197BE0-076C-4277-868C-18C6ABCFC05B}.Release|iPhoneSimulator.Build.0 = Release|Any CPU
		{83197BE0-076C-4277-868C-18C6ABCFC05B}.Release|iPhoneSimulator.Deploy.0 = Release|Any CPU
		{83197BE0-076C-4277-868C-18C6ABCFC05B}.Release|x64.ActiveCfg = Release|Any CPU
		{83197BE0-076C-4277-868C-18C6ABCFC05B}.Release|x64.Build.0 = Release|Any CPU
		{83197BE0-076C-4277-868C-18C6ABCFC05B}.Release|x64.Deploy.0 = Release|Any CPU
		{83197BE0-076C-4277-868C-18C6ABCFC05B}.Release|x86.ActiveCfg = Release|Any CPU
		{83197BE0-076C-4277-868C-18C6ABCFC05B}.Release|x86.Build.0 = Release|Any CPU
		{83197BE0-076C-4277-868C-18C6ABCFC05B}.Release|x86.Deploy.0 = Release|Any CPU
		{CC6B9862-72AB-4C2D-B5B6-B367D9B245E6}.Debug|Any CPU.ActiveCfg = Debug|iPhone
		{CC6B9862-72AB-4C2D-B5B6-B367D9B245E6}.Debug|Any CPU.Build.0 = Debug|iPhone
		{CC6B9862-72AB-4C2D-B5B6-B367D9B245E6}.Debug|Any CPU.Deploy.0 = Debug|iPhone
		{CC6B9862-72AB-4C2D-B5B6-B367D9B245E6}.Debug|ARM.ActiveCfg = Debug|iPhone
		{CC6B9862-72AB-4C2D-B5B6-B367D9B245E6}.Debug|ARM64.ActiveCfg = Debug|iPhone
		{CC6B9862-72AB-4C2D-B5B6-B367D9B245E6}.Debug|iPhone.ActiveCfg = Debug|iPhone
		{CC6B9862-72AB-4C2D-B5B6-B367D9B245E6}.Debug|iPhone.Build.0 = Debug|iPhone
		{CC6B9862-72AB-4C2D-B5B6-B367D9B245E6}.Debug|iPhoneSimulator.ActiveCfg = Debug|iPhoneSimulator
		{CC6B9862-72AB-4C2D-B5B6-B367D9B245E6}.Debug|iPhoneSimulator.Build.0 = Debug|iPhoneSimulator
		{CC6B9862-72AB-4C2D-B5B6-B367D9B245E6}.Debug|x64.ActiveCfg = Debug|iPhone
		{CC6B9862-72AB-4C2D-B5B6-B367D9B245E6}.Debug|x64.Build.0 = Debug|iPhone
		{CC6B9862-72AB-4C2D-B5B6-B367D9B245E6}.Debug|x64.Deploy.0 = Debug|iPhone
		{CC6B9862-72AB-4C2D-B5B6-B367D9B245E6}.Debug|x86.ActiveCfg = Debug|iPhoneSimulator
		{CC6B9862-72AB-4C2D-B5B6-B367D9B245E6}.Debug|x86.Build.0 = Debug|iPhoneSimulator
		{CC6B9862-72AB-4C2D-B5B6-B367D9B245E6}.Debug|x86.Deploy.0 = Debug|iPhoneSimulator
		{CC6B9862-72AB-4C2D-B5B6-B367D9B245E6}.Release|Any CPU.ActiveCfg = Release|iPhone
		{CC6B9862-72AB-4C2D-B5B6-B367D9B245E6}.Release|ARM.ActiveCfg = Release|iPhone
		{CC6B9862-72AB-4C2D-B5B6-B367D9B245E6}.Release|ARM64.ActiveCfg = Release|iPhone
		{CC6B9862-72AB-4C2D-B5B6-B367D9B245E6}.Release|iPhone.ActiveCfg = Release|iPhone
		{CC6B9862-72AB-4C2D-B5B6-B367D9B245E6}.Release|iPhone.Build.0 = Release|iPhone
		{CC6B9862-72AB-4C2D-B5B6-B367D9B245E6}.Release|iPhoneSimulator.ActiveCfg = Release|iPhoneSimulator
		{CC6B9862-72AB-4C2D-B5B6-B367D9B245E6}.Release|iPhoneSimulator.Build.0 = Release|iPhoneSimulator
		{CC6B9862-72AB-4C2D-B5B6-B367D9B245E6}.Release|x64.ActiveCfg = Release|iPhoneSimulator
		{CC6B9862-72AB-4C2D-B5B6-B367D9B245E6}.Release|x64.Build.0 = Release|iPhoneSimulator
		{CC6B9862-72AB-4C2D-B5B6-B367D9B245E6}.Release|x64.Deploy.0 = Release|iPhoneSimulator
		{CC6B9862-72AB-4C2D-B5B6-B367D9B245E6}.Release|x86.ActiveCfg = Release|iPhoneSimulator
		{CC6B9862-72AB-4C2D-B5B6-B367D9B245E6}.Release|x86.Build.0 = Release|iPhoneSimulator

		{0913CEF2-3904-4E51-93C2-52260A868811}.Debug|Any CPU.ActiveCfg = Debug|x86
		{0913CEF2-3904-4E51-93C2-52260A868811}.Debug|Any CPU.Build.0 = Debug|x86
		{0913CEF2-3904-4E51-93C2-52260A868811}.Debug|Any CPU.Deploy.0 = Debug|x86
		{0913CEF2-3904-4E51-93C2-52260A868811}.Debug|ARM.ActiveCfg = Debug|ARM
		{0913CEF2-3904-4E51-93C2-52260A868811}.Debug|ARM.Build.0 = Debug|ARM
		{0913CEF2-3904-4E51-93C2-52260A868811}.Debug|ARM.Deploy.0 = Debug|ARM
		{0913CEF2-3904-4E51-93C2-52260A868811}.Debug|ARM64.ActiveCfg = Debug|ARM64
		{0913CEF2-3904-4E51-93C2-52260A868811}.Debug|ARM64.Build.0 = Debug|ARM64
		{0913CEF2-3904-4E51-93C2-52260A868811}.Debug|ARM64.Deploy.0 = Debug|ARM64
		{0913CEF2-3904-4E51-93C2-52260A868811}.Debug|iPhone.ActiveCfg = Debug|x86
		{0913CEF2-3904-4E51-93C2-52260A868811}.Debug|iPhone.Build.0 = Debug|x86
		{0913CEF2-3904-4E51-93C2-52260A868811}.Debug|iPhone.Deploy.0 = Debug|x86
		{0913CEF2-3904-4E51-93C2-52260A868811}.Debug|iPhoneSimulator.ActiveCfg = Debug|x86
		{0913CEF2-3904-4E51-93C2-52260A868811}.Debug|iPhoneSimulator.Build.0 = Debug|x86
		{0913CEF2-3904-4E51-93C2-52260A868811}.Debug|iPhoneSimulator.Deploy.0 = Debug|x86
		{0913CEF2-3904-4E51-93C2-52260A868811}.Debug|x64.ActiveCfg = Debug|x64
		{0913CEF2-3904-4E51-93C2-52260A868811}.Debug|x64.Build.0 = Debug|x64
		{0913CEF2-3904-4E51-93C2-52260A868811}.Debug|x64.Deploy.0 = Debug|x64
		{0913CEF2-3904-4E51-93C2-52260A868811}.Debug|x86.ActiveCfg = Debug|x86
		{0913CEF2-3904-4E51-93C2-52260A868811}.Debug|x86.Build.0 = Debug|x86
		{0913CEF2-3904-4E51-93C2-52260A868811}.Debug|x86.Deploy.0 = Debug|x86
		{0913CEF2-3904-4E51-93C2-52260A868811}.Release|Any CPU.ActiveCfg = Release|x86
		{0913CEF2-3904-4E51-93C2-52260A868811}.Release|ARM.ActiveCfg = Release|ARM
		{0913CEF2-3904-4E51-93C2-52260A868811}.Release|ARM.Build.0 = Release|ARM
		{0913CEF2-3904-4E51-93C2-52260A868811}.Release|ARM.Deploy.0 = Release|ARM
		{0913CEF2-3904-4E51-93C2-52260A868811}.Release|ARM64.ActiveCfg = Release|ARM64
		{0913CEF2-3904-4E51-93C2-52260A868811}.Release|ARM64.Build.0 = Release|ARM64
		{0913CEF2-3904-4E51-93C2-52260A868811}.Release|ARM64.Deploy.0 = Release|ARM64
		{0913CEF2-3904-4E51-93C2-52260A868811}.Release|iPhone.ActiveCfg = Release|x86
		{0913CEF2-3904-4E51-93C2-52260A868811}.Release|iPhone.Build.0 = Release|x86
		{0913CEF2-3904-4E51-93C2-52260A868811}.Release|iPhoneSimulator.ActiveCfg = Release|x86
		{0913CEF2-3904-4E51-93C2-52260A868811}.Release|iPhoneSimulator.Build.0 = Release|x86
		{0913CEF2-3904-4E51-93C2-52260A868811}.Release|iPhoneSimulator.Deploy.0 = Release|x86
		{0913CEF2-3904-4E51-93C2-52260A868811}.Release|x64.ActiveCfg = Release|x64
		{0913CEF2-3904-4E51-93C2-52260A868811}.Release|x64.Build.0 = Release|x64
		{0913CEF2-3904-4E51-93C2-52260A868811}.Release|x64.Deploy.0 = Release|x64
		{0913CEF2-3904-4E51-93C2-52260A868811}.Release|x86.ActiveCfg = Release|x86
		{0913CEF2-3904-4E51-93C2-52260A868811}.Release|x86.Build.0 = Release|x86
		{0913CEF2-3904-4E51-93C2-52260A868811}.Release|x86.Deploy.0 = Release|x86

		{AEED20CA-7FE2-4134-B750-350890EB2EEE}.Debug|Any CPU.ActiveCfg = Debug|Any CPU
		{AEED20CA-7FE2-4134-B750-350890EB2EEE}.Debug|Any CPU.Build.0 = Debug|Any CPU
		{AEED20CA-7FE2-4134-B750-350890EB2EEE}.Debug|Any CPU.Deploy.0 = Debug|Any CPU
		{AEED20CA-7FE2-4134-B750-350890EB2EEE}.Debug|ARM.ActiveCfg = Debug|Any CPU
		{AEED20CA-7FE2-4134-B750-350890EB2EEE}.Debug|ARM.Build.0 = Debug|Any CPU
		{AEED20CA-7FE2-4134-B750-350890EB2EEE}.Debug|ARM.Deploy.0 = Debug|Any CPU
		{AEED20CA-7FE2-4134-B750-350890EB2EEE}.Debug|ARM64.ActiveCfg = Debug|Any CPU
		{AEED20CA-7FE2-4134-B750-350890EB2EEE}.Debug|ARM64.Build.0 = Debug|Any CPU
		{AEED20CA-7FE2-4134-B750-350890EB2EEE}.Debug|ARM64.Deploy.0 = Debug|Any CPU
		{AEED20CA-7FE2-4134-B750-350890EB2EEE}.Debug|iPhone.ActiveCfg = Debug|Any CPU
		{AEED20CA-7FE2-4134-B750-350890EB2EEE}.Debug|iPhone.Build.0 = Debug|Any CPU
		{AEED20CA-7FE2-4134-B750-350890EB2EEE}.Debug|iPhone.Deploy.0 = Debug|Any CPU
		{AEED20CA-7FE2-4134-B750-350890EB2EEE}.Debug|iPhoneSimulator.ActiveCfg = Debug|Any CPU
		{AEED20CA-7FE2-4134-B750-350890EB2EEE}.Debug|iPhoneSimulator.Build.0 = Debug|Any CPU
		{AEED20CA-7FE2-4134-B750-350890EB2EEE}.Debug|iPhoneSimulator.Deploy.0 = Debug|Any CPU
		{AEED20CA-7FE2-4134-B750-350890EB2EEE}.Debug|x64.ActiveCfg = Debug|Any CPU
		{AEED20CA-7FE2-4134-B750-350890EB2EEE}.Debug|x64.Build.0 = Debug|Any CPU
		{AEED20CA-7FE2-4134-B750-350890EB2EEE}.Debug|x64.Deploy.0 = Debug|Any CPU
		{AEED20CA-7FE2-4134-B750-350890EB2EEE}.Debug|x86.ActiveCfg = Debug|Any CPU
		{AEED20CA-7FE2-4134-B750-350890EB2EEE}.Debug|x86.Build.0 = Debug|Any CPU
		{AEED20CA-7FE2-4134-B750-350890EB2EEE}.Debug|x86.Deploy.0 = Debug|Any CPU
		{AEED20CA-7FE2-4134-B750-350890EB2EEE}.Release|Any CPU.ActiveCfg = Release|Any CPU
		{AEED20CA-7FE2-4134-B750-350890EB2EEE}.Release|Any CPU.Build.0 = Release|Any CPU
		{AEED20CA-7FE2-4134-B750-350890EB2EEE}.Release|ARM.ActiveCfg = Release|Any CPU
		{AEED20CA-7FE2-4134-B750-350890EB2EEE}.Release|ARM.Build.0 = Release|Any CPU
		{AEED20CA-7FE2-4134-B750-350890EB2EEE}.Release|ARM.Deploy.0 = Release|Any CPU
		{AEED20CA-7FE2-4134-B750-350890EB2EEE}.Release|ARM64.ActiveCfg = Release|Any CPU
		{AEED20CA-7FE2-4134-B750-350890EB2EEE}.Release|ARM64.Build.0 = Release|Any CPU
		{AEED20CA-7FE2-4134-B750-350890EB2EEE}.Release|ARM64.Deploy.0 = Release|Any CPU
		{AEED20CA-7FE2-4134-B750-350890EB2EEE}.Release|iPhone.ActiveCfg = Release|Any CPU
		{AEED20CA-7FE2-4134-B750-350890EB2EEE}.Release|iPhone.Build.0 = Release|Any CPU
		{AEED20CA-7FE2-4134-B750-350890EB2EEE}.Release|iPhoneSimulator.ActiveCfg = Release|Any CPU
		{AEED20CA-7FE2-4134-B750-350890EB2EEE}.Release|iPhoneSimulator.Build.0 = Release|Any CPU
		{AEED20CA-7FE2-4134-B750-350890EB2EEE}.Release|iPhoneSimulator.Deploy.0 = Release|Any CPU
		{AEED20CA-7FE2-4134-B750-350890EB2EEE}.Release|x64.ActiveCfg = Release|Any CPU
		{AEED20CA-7FE2-4134-B750-350890EB2EEE}.Release|x64.Build.0 = Release|Any CPU
		{AEED20CA-7FE2-4134-B750-350890EB2EEE}.Release|x64.Deploy.0 = Release|Any CPU
		{AEED20CA-7FE2-4134-B750-350890EB2EEE}.Release|x86.ActiveCfg = Release|Any CPU
		{AEED20CA-7FE2-4134-B750-350890EB2EEE}.Release|x86.Build.0 = Release|Any CPU
		{AEED20CA-7FE2-4134-B750-350890EB2EEE}.Release|x86.Deploy.0 = Release|Any CPU

		{A5B8155A-118F-4794-B551-C6F3CF7E5411}.Debug|Any CPU.ActiveCfg = Debug|Any CPU
		{A5B8155A-118F-4794-B551-C6F3CF7E5411}.Debug|Any CPU.Build.0 = Debug|Any CPU
		{A5B8155A-118F-4794-B551-C6F3CF7E5411}.Debug|ARM.ActiveCfg = Debug|Any CPU
		{A5B8155A-118F-4794-B551-C6F3CF7E5411}.Debug|ARM.Build.0 = Debug|Any CPU
		{A5B8155A-118F-4794-B551-C6F3CF7E5411}.Debug|ARM64.ActiveCfg = Debug|Any CPU
		{A5B8155A-118F-4794-B551-C6F3CF7E5411}.Debug|ARM64.Build.0 = Debug|Any CPU
		{A5B8155A-118F-4794-B551-C6F3CF7E5411}.Debug|iPhone.ActiveCfg = Debug|Any CPU
		{A5B8155A-118F-4794-B551-C6F3CF7E5411}.Debug|iPhone.Build.0 = Debug|Any CPU
		{A5B8155A-118F-4794-B551-C6F3CF7E5411}.Debug|iPhoneSimulator.ActiveCfg = Debug|Any CPU
		{A5B8155A-118F-4794-B551-C6F3CF7E5411}.Debug|iPhoneSimulator.Build.0 = Debug|Any CPU
		{A5B8155A-118F-4794-B551-C6F3CF7E5411}.Debug|x64.ActiveCfg = Debug|Any CPU
		{A5B8155A-118F-4794-B551-C6F3CF7E5411}.Debug|x64.Build.0 = Debug|Any CPU
		{A5B8155A-118F-4794-B551-C6F3CF7E5411}.Debug|x86.ActiveCfg = Debug|Any CPU
		{A5B8155A-118F-4794-B551-C6F3CF7E5411}.Debug|x86.Build.0 = Debug|Any CPU
		{A5B8155A-118F-4794-B551-C6F3CF7E5411}.Release|Any CPU.ActiveCfg = Release|Any CPU
		{A5B8155A-118F-4794-B551-C6F3CF7E5411}.Release|Any CPU.Build.0 = Release|Any CPU
		{A5B8155A-118F-4794-B551-C6F3CF7E5411}.Release|ARM.ActiveCfg = Release|Any CPU
		{A5B8155A-118F-4794-B551-C6F3CF7E5411}.Release|ARM.Build.0 = Release|Any CPU
		{A5B8155A-118F-4794-B551-C6F3CF7E5411}.Release|ARM64.ActiveCfg = Release|Any CPU
		{A5B8155A-118F-4794-B551-C6F3CF7E5411}.Release|ARM64.Build.0 = Release|Any CPU
		{A5B8155A-118F-4794-B551-C6F3CF7E5411}.Release|iPhone.ActiveCfg = Release|Any CPU
		{A5B8155A-118F-4794-B551-C6F3CF7E5411}.Release|iPhone.Build.0 = Release|Any CPU
		{A5B8155A-118F-4794-B551-C6F3CF7E5411}.Release|iPhoneSimulator.ActiveCfg = Release|Any CPU
		{A5B8155A-118F-4794-B551-C6F3CF7E5411}.Release|iPhoneSimulator.Build.0 = Release|Any CPU
		{A5B8155A-118F-4794-B551-C6F3CF7E5411}.Release|x64.ActiveCfg = Release|Any CPU
		{A5B8155A-118F-4794-B551-C6F3CF7E5411}.Release|x64.Build.0 = Release|Any CPU
		{A5B8155A-118F-4794-B551-C6F3CF7E5411}.Release|x86.ActiveCfg = Release|Any CPU
		{A5B8155A-118F-4794-B551-C6F3CF7E5411}.Release|x86.Build.0 = Release|Any CPU
		{1AA13270-F438-4864-9435-54FD806E10EA}.Debug|Any CPU.ActiveCfg = Debug|x86
		{1AA13270-F438-4864-9435-54FD806E10EA}.Debug|Any CPU.Build.0 = Debug|x86
		{1AA13270-F438-4864-9435-54FD806E10EA}.Debug|Any CPU.Deploy.0 = Debug|x86
		{1AA13270-F438-4864-9435-54FD806E10EA}.Debug|ARM.ActiveCfg = Debug|Any CPU
		{1AA13270-F438-4864-9435-54FD806E10EA}.Debug|ARM.Build.0 = Debug|Any CPU
		{1AA13270-F438-4864-9435-54FD806E10EA}.Debug|ARM64.ActiveCfg = Debug|x86
		{1AA13270-F438-4864-9435-54FD806E10EA}.Debug|ARM64.Build.0 = Debug|x86
		{1AA13270-F438-4864-9435-54FD806E10EA}.Debug|iPhone.ActiveCfg = Debug|Any CPU
		{1AA13270-F438-4864-9435-54FD806E10EA}.Debug|iPhone.Build.0 = Debug|Any CPU
		{1AA13270-F438-4864-9435-54FD806E10EA}.Debug|iPhoneSimulator.ActiveCfg = Debug|Any CPU
		{1AA13270-F438-4864-9435-54FD806E10EA}.Debug|iPhoneSimulator.Build.0 = Debug|Any CPU
		{1AA13270-F438-4864-9435-54FD806E10EA}.Debug|x64.ActiveCfg = Debug|x64
		{1AA13270-F438-4864-9435-54FD806E10EA}.Debug|x64.Build.0 = Debug|x64
		{1AA13270-F438-4864-9435-54FD806E10EA}.Debug|x64.Deploy.0 = Debug|x64
		{1AA13270-F438-4864-9435-54FD806E10EA}.Debug|x86.ActiveCfg = Debug|x86
		{1AA13270-F438-4864-9435-54FD806E10EA}.Debug|x86.Build.0 = Debug|x86
		{1AA13270-F438-4864-9435-54FD806E10EA}.Debug|x86.Deploy.0 = Debug|x86
		{1AA13270-F438-4864-9435-54FD806E10EA}.Release|Any CPU.ActiveCfg = Release|Any CPU
		{1AA13270-F438-4864-9435-54FD806E10EA}.Release|Any CPU.Build.0 = Release|Any CPU
		{1AA13270-F438-4864-9435-54FD806E10EA}.Release|Any CPU.Deploy.0 = Release|Any CPU
		{1AA13270-F438-4864-9435-54FD806E10EA}.Release|ARM.ActiveCfg = Release|Any CPU
		{1AA13270-F438-4864-9435-54FD806E10EA}.Release|ARM.Build.0 = Release|Any CPU
		{1AA13270-F438-4864-9435-54FD806E10EA}.Release|ARM64.ActiveCfg = Release|x86
		{1AA13270-F438-4864-9435-54FD806E10EA}.Release|ARM64.Build.0 = Release|x86
		{1AA13270-F438-4864-9435-54FD806E10EA}.Release|iPhone.ActiveCfg = Release|Any CPU
		{1AA13270-F438-4864-9435-54FD806E10EA}.Release|iPhone.Build.0 = Release|Any CPU
		{1AA13270-F438-4864-9435-54FD806E10EA}.Release|iPhoneSimulator.ActiveCfg = Release|Any CPU
		{1AA13270-F438-4864-9435-54FD806E10EA}.Release|iPhoneSimulator.Build.0 = Release|Any CPU
		{1AA13270-F438-4864-9435-54FD806E10EA}.Release|x64.ActiveCfg = Release|x64
		{1AA13270-F438-4864-9435-54FD806E10EA}.Release|x64.Build.0 = Release|x64
		{1AA13270-F438-4864-9435-54FD806E10EA}.Release|x64.Deploy.0 = Release|x64
		{1AA13270-F438-4864-9435-54FD806E10EA}.Release|x86.ActiveCfg = Release|x86
		{1AA13270-F438-4864-9435-54FD806E10EA}.Release|x86.Build.0 = Release|x86
		{1AA13270-F438-4864-9435-54FD806E10EA}.Release|x86.Deploy.0 = Release|x86

		{40EA03F7-8A22-4143-B251-79BAC3EB13D2}.Debug|Any CPU.ActiveCfg = Debug|Any CPU
		{40EA03F7-8A22-4143-B251-79BAC3EB13D2}.Debug|Any CPU.Build.0 = Debug|Any CPU
		{40EA03F7-8A22-4143-B251-79BAC3EB13D2}.Debug|ARM.ActiveCfg = Debug|Any CPU
		{40EA03F7-8A22-4143-B251-79BAC3EB13D2}.Debug|ARM.Build.0 = Debug|Any CPU
		{40EA03F7-8A22-4143-B251-79BAC3EB13D2}.Debug|ARM64.ActiveCfg = Debug|Any CPU
		{40EA03F7-8A22-4143-B251-79BAC3EB13D2}.Debug|ARM64.Build.0 = Debug|Any CPU
		{40EA03F7-8A22-4143-B251-79BAC3EB13D2}.Debug|iPhone.ActiveCfg = Debug|Any CPU
		{40EA03F7-8A22-4143-B251-79BAC3EB13D2}.Debug|iPhone.Build.0 = Debug|Any CPU
		{40EA03F7-8A22-4143-B251-79BAC3EB13D2}.Debug|iPhoneSimulator.ActiveCfg = Debug|Any CPU
		{40EA03F7-8A22-4143-B251-79BAC3EB13D2}.Debug|iPhoneSimulator.Build.0 = Debug|Any CPU
		{40EA03F7-8A22-4143-B251-79BAC3EB13D2}.Debug|x64.ActiveCfg = Debug|Any CPU
		{40EA03F7-8A22-4143-B251-79BAC3EB13D2}.Debug|x64.Build.0 = Debug|Any CPU
		{40EA03F7-8A22-4143-B251-79BAC3EB13D2}.Debug|x86.ActiveCfg = Debug|Any CPU
		{40EA03F7-8A22-4143-B251-79BAC3EB13D2}.Debug|x86.Build.0 = Debug|Any CPU
		{40EA03F7-8A22-4143-B251-79BAC3EB13D2}.Release|Any CPU.ActiveCfg = Release|Any CPU
		{40EA03F7-8A22-4143-B251-79BAC3EB13D2}.Release|Any CPU.Build.0 = Release|Any CPU
		{40EA03F7-8A22-4143-B251-79BAC3EB13D2}.Release|ARM.ActiveCfg = Release|Any CPU
		{40EA03F7-8A22-4143-B251-79BAC3EB13D2}.Release|ARM.Build.0 = Release|Any CPU
		{40EA03F7-8A22-4143-B251-79BAC3EB13D2}.Release|ARM64.ActiveCfg = Release|Any CPU
		{40EA03F7-8A22-4143-B251-79BAC3EB13D2}.Release|ARM64.Build.0 = Release|Any CPU
		{40EA03F7-8A22-4143-B251-79BAC3EB13D2}.Release|iPhone.ActiveCfg = Release|Any CPU
		{40EA03F7-8A22-4143-B251-79BAC3EB13D2}.Release|iPhone.Build.0 = Release|Any CPU
		{40EA03F7-8A22-4143-B251-79BAC3EB13D2}.Release|iPhoneSimulator.ActiveCfg = Release|Any CPU
		{40EA03F7-8A22-4143-B251-79BAC3EB13D2}.Release|iPhoneSimulator.Build.0 = Release|Any CPU
		{40EA03F7-8A22-4143-B251-79BAC3EB13D2}.Release|x64.ActiveCfg = Release|Any CPU
		{40EA03F7-8A22-4143-B251-79BAC3EB13D2}.Release|x64.Build.0 = Release|Any CPU
		{40EA03F7-8A22-4143-B251-79BAC3EB13D2}.Release|x86.ActiveCfg = Release|Any CPU
		{40EA03F7-8A22-4143-B251-79BAC3EB13D2}.Release|x86.Build.0 = Release|Any CPU

		{26F4F563-DFD5-41D6-BA00-6FEE594AE1A6}.Debug|Any CPU.ActiveCfg = Debug|iPhoneSimulator
		{26F4F563-DFD5-41D6-BA00-6FEE594AE1A6}.Debug|Any CPU.Build.0 = Debug|iPhoneSimulator
		{26F4F563-DFD5-41D6-BA00-6FEE594AE1A6}.Debug|ARM.ActiveCfg = Debug|iPhoneSimulator
		{26F4F563-DFD5-41D6-BA00-6FEE594AE1A6}.Debug|ARM64.ActiveCfg = Debug|iPhoneSimulator
		{26F4F563-DFD5-41D6-BA00-6FEE594AE1A6}.Debug|iPhone.ActiveCfg = Debug|iPhoneSimulator
		{26F4F563-DFD5-41D6-BA00-6FEE594AE1A6}.Debug|iPhone.Build.0 = Debug|iPhoneSimulator
		{26F4F563-DFD5-41D6-BA00-6FEE594AE1A6}.Debug|iPhoneSimulator.ActiveCfg = Debug|iPhoneSimulator
		{26F4F563-DFD5-41D6-BA00-6FEE594AE1A6}.Debug|iPhoneSimulator.Build.0 = Debug|iPhoneSimulator
		{26F4F563-DFD5-41D6-BA00-6FEE594AE1A6}.Debug|x64.ActiveCfg = Debug|iPhoneSimulator
		{26F4F563-DFD5-41D6-BA00-6FEE594AE1A6}.Debug|x64.Build.0 = Debug|iPhoneSimulator
		{26F4F563-DFD5-41D6-BA00-6FEE594AE1A6}.Debug|x86.ActiveCfg = Debug|iPhoneSimulator
		{26F4F563-DFD5-41D6-BA00-6FEE594AE1A6}.Debug|x86.Build.0 = Debug|iPhoneSimulator
		{26F4F563-DFD5-41D6-BA00-6FEE594AE1A6}.Release|Any CPU.ActiveCfg = Release|iPhoneSimulator
		{26F4F563-DFD5-41D6-BA00-6FEE594AE1A6}.Release|ARM.ActiveCfg = Release|iPhoneSimulator
		{26F4F563-DFD5-41D6-BA00-6FEE594AE1A6}.Release|ARM64.ActiveCfg = Release|iPhoneSimulator
		{26F4F563-DFD5-41D6-BA00-6FEE594AE1A6}.Release|iPhone.ActiveCfg = Release|iPhoneSimulator
		{26F4F563-DFD5-41D6-BA00-6FEE594AE1A6}.Release|iPhone.Build.0 = Release|iPhoneSimulator
		{26F4F563-DFD5-41D6-BA00-6FEE594AE1A6}.Release|iPhoneSimulator.ActiveCfg = Release|iPhoneSimulator
		{26F4F563-DFD5-41D6-BA00-6FEE594AE1A6}.Release|iPhoneSimulator.Build.0 = Release|iPhoneSimulator
		{26F4F563-DFD5-41D6-BA00-6FEE594AE1A6}.Release|x64.ActiveCfg = Release|iPhoneSimulator
		{26F4F563-DFD5-41D6-BA00-6FEE594AE1A6}.Release|x64.Build.0 = Release|iPhoneSimulator
		{26F4F563-DFD5-41D6-BA00-6FEE594AE1A6}.Release|x86.ActiveCfg = Release|iPhoneSimulator
		{26F4F563-DFD5-41D6-BA00-6FEE594AE1A6}.Release|x86.Build.0 = Release|iPhoneSimulator

		{04D3A50A-BD96-4168-A331-3AC5E63800DE}.Debug|Any CPU.ActiveCfg = Debug|arm64
		{04D3A50A-BD96-4168-A331-3AC5E63800DE}.Debug|Any CPU.Build.0 = Debug|arm64
		{04D3A50A-BD96-4168-A331-3AC5E63800DE}.Debug|ARM.ActiveCfg = Debug|Any CPU
		{04D3A50A-BD96-4168-A331-3AC5E63800DE}.Debug|ARM.Build.0 = Debug|Any CPU
		{04D3A50A-BD96-4168-A331-3AC5E63800DE}.Debug|ARM64.ActiveCfg = Debug|arm64
		{04D3A50A-BD96-4168-A331-3AC5E63800DE}.Debug|ARM64.Build.0 = Debug|arm64
		{04D3A50A-BD96-4168-A331-3AC5E63800DE}.Debug|iPhone.ActiveCfg = Debug|Any CPU
		{04D3A50A-BD96-4168-A331-3AC5E63800DE}.Debug|iPhone.Build.0 = Debug|Any CPU
		{04D3A50A-BD96-4168-A331-3AC5E63800DE}.Debug|iPhoneSimulator.ActiveCfg = Debug|Any CPU
		{04D3A50A-BD96-4168-A331-3AC5E63800DE}.Debug|iPhoneSimulator.Build.0 = Debug|Any CPU
		{04D3A50A-BD96-4168-A331-3AC5E63800DE}.Debug|x64.ActiveCfg = Debug|x64
		{04D3A50A-BD96-4168-A331-3AC5E63800DE}.Debug|x64.Build.0 = Debug|x64
		{04D3A50A-BD96-4168-A331-3AC5E63800DE}.Debug|x86.ActiveCfg = Debug|x86
		{04D3A50A-BD96-4168-A331-3AC5E63800DE}.Debug|x86.Build.0 = Debug|x86
		{04D3A50A-BD96-4168-A331-3AC5E63800DE}.Release|Any CPU.ActiveCfg = Release|Any CPU
		{04D3A50A-BD96-4168-A331-3AC5E63800DE}.Release|Any CPU.Build.0 = Release|Any CPU
		{04D3A50A-BD96-4168-A331-3AC5E63800DE}.Release|ARM.ActiveCfg = Release|Any CPU
		{04D3A50A-BD96-4168-A331-3AC5E63800DE}.Release|ARM.Build.0 = Release|Any CPU
		{04D3A50A-BD96-4168-A331-3AC5E63800DE}.Release|ARM64.ActiveCfg = Release|arm64
		{04D3A50A-BD96-4168-A331-3AC5E63800DE}.Release|ARM64.Build.0 = Release|arm64
		{04D3A50A-BD96-4168-A331-3AC5E63800DE}.Release|iPhone.ActiveCfg = Release|Any CPU
		{04D3A50A-BD96-4168-A331-3AC5E63800DE}.Release|iPhone.Build.0 = Release|Any CPU
		{04D3A50A-BD96-4168-A331-3AC5E63800DE}.Release|iPhoneSimulator.ActiveCfg = Release|Any CPU
		{04D3A50A-BD96-4168-A331-3AC5E63800DE}.Release|iPhoneSimulator.Build.0 = Release|Any CPU
		{04D3A50A-BD96-4168-A331-3AC5E63800DE}.Release|x64.ActiveCfg = Release|x64
		{04D3A50A-BD96-4168-A331-3AC5E63800DE}.Release|x64.Build.0 = Release|x64
		{04D3A50A-BD96-4168-A331-3AC5E63800DE}.Release|x86.ActiveCfg = Release|x86
		{04D3A50A-BD96-4168-A331-3AC5E63800DE}.Release|x86.Build.0 = Release|x86


	EndGlobalSection
	GlobalSection(SolutionProperties) = preSolution
		HideSolutionNode = FALSE
	EndGlobalSection
	GlobalSection(ExtensibilityGlobals) = postSolution
		SolutionGuid = {C7433AE2-B1A0-4C1A-887E-5CAA7AAF67A6}
	EndGlobalSection
EndGlobal
